
Microsoft Visual Studio Solution File, Format Version 12.00
# Visual Studio 14
VisualStudioVersion = 14.0.25123.0
MinimumVisualStudioVersion = 10.0.40219.1
Project("{8BC9CEB8-8B4A-11D0-8D11-00A0C91BC942}") = "BFInterpeter", "BFInterpeter\BFInterpeter.vcxproj", "{AB3C304A-473C-4913-807B-3546DD2615AD}"
EndProject
Project("{2150E333-8FDC-42A3-9474-1A3956D46DE8}") = "BFInterpreter.Win8", "BFInterpreter.Win8", "{2F1DF601-3DFE-4E9C-B252-B794E41D53BC}"
EndProject
Project("{8BC9CEB8-8B4A-11D0-8D11-00A0C91BC942}") = "BFInterpreter.Win8.Shared", "BFInterpreter.Win8\BFInterpreter.Win8.Shared\BFInterpreter.Win8.Shared.vcxitems", "{007DA235-D4A2-4B00-A201-8E1D4A1F4B66}"
EndProject
Project("{8BC9CEB8-8B4A-11D0-8D11-00A0C91BC942}") = "BFInterpreter.Win8.Windows", "BFInterpreter.Win8\BFInterpreter.Win8.Windows\BFInterpreter.Win8.Windows.vcxproj", "{9E54B6A6-B8C7-4D51-B867-CA408C0617B0}"
EndProject
Project("{8BC9CEB8-8B4A-11D0-8D11-00A0C91BC942}") = "BFInterpreter.Win8.WindowsPhone", "BFInterpreter.Win8\BFInterpreter.Win8.WindowsPhone\BFInterpreter.Win8.WindowsPhone.vcxproj", "{A759E73F-8062-4876-A9D4-76BC952FC06C}"
EndProject
Global
	GlobalSection(SharedMSBuildProjectFiles) = preSolution
		BFInterpreter.Win8\BFInterpreter.Win8.Shared\BFInterpreter.Win8.Shared.vcxitems*{9e54b6a6-b8c7-4d51-b867-ca408c0617b0}*SharedItemsImports = 4
		BFInterpreter.Win8\BFInterpreter.Win8.Shared\BFInterpreter.Win8.Shared.vcxitems*{a759e73f-8062-4876-a9d4-76bc952fc06c}*SharedItemsImports = 4
		BFInterpreter.Win8\BFInterpreter.Win8.Shared\BFInterpreter.Win8.Shared.vcxitems*{007da235-d4a2-4b00-a201-8e1d4a1f4b66}*SharedItemsImports = 9
	EndGlobalSection
	GlobalSection(SolutionConfigurationPlatforms) = preSolution
		Debug|ARM = Debug|ARM
		Debug|x64 = Debug|x64
		Debug|x86 = Debug|x86
		Release|ARM = Release|ARM
		Release|x64 = Release|x64
		Release|x86 = Release|x86
	EndGlobalSection
	GlobalSection(ProjectConfigurationPlatforms) = postSolution
		{AB3C304A-473C-4913-807B-3546DD2615AD}.Debug|ARM.ActiveCfg = Debug|ARM
		{AB3C304A-473C-4913-807B-3546DD2615AD}.Debug|ARM.Build.0 = Debug|ARM
		{AB3C304A-473C-4913-807B-3546DD2615AD}.Debug|ARM.Deploy.0 = Debug|ARM
		{AB3C304A-473C-4913-807B-3546DD2615AD}.Debug|x64.ActiveCfg = Debug|x64
		{AB3C304A-473C-4913-807B-3546DD2615AD}.Debug|x64.Build.0 = Debug|x64
		{AB3C304A-473C-4913-807B-3546DD2615AD}.Debug|x64.Deploy.0 = Debug|x64
		{AB3C304A-473C-4913-807B-3546DD2615AD}.Debug|x86.ActiveCfg = Debug|Win32
		{AB3C304A-473C-4913-807B-3546DD2615AD}.Debug|x86.Build.0 = Debug|Win32
		{AB3C304A-473C-4913-807B-3546DD2615AD}.Debug|x86.Deploy.0 = Debug|Win32
		{AB3C304A-473C-4913-807B-3546DD2615AD}.Release|ARM.ActiveCfg = Release|ARM
		{AB3C304A-473C-4913-807B-3546DD2615AD}.Release|ARM.Build.0 = Release|ARM
		{AB3C304A-473C-4913-807B-3546DD2615AD}.Release|ARM.Deploy.0 = Release|ARM
		{AB3C304A-473C-4913-807B-3546DD2615AD}.Release|x64.ActiveCfg = Release|x64
		{AB3C304A-473C-4913-807B-3546DD2615AD}.Release|x64.Build.0 = Release|x64
		{AB3C304A-473C-4913-807B-3546DD2615AD}.Release|x64.Deploy.0 = Release|x64
		{AB3C304A-473C-4913-807B-3546DD2615AD}.Release|x86.ActiveCfg = Release|Win32
		{AB3C304A-473C-4913-807B-3546DD2615AD}.Release|x86.Build.0 = Release|Win32
		{AB3C304A-473C-4913-807B-3546DD2615AD}.Release|x86.Deploy.0 = Release|Win32
		{9E54B6A6-B8C7-4D51-B867-CA408C0617B0}.Debug|ARM.ActiveCfg = Debug|ARM
		{9E54B6A6-B8C7-4D51-B867-CA408C0617B0}.Debug|ARM.Build.0 = Debug|ARM
		{9E54B6A6-B8C7-4D51-B867-CA408C0617B0}.Debug|ARM.Deploy.0 = Debug|ARM
		{9E54B6A6-B8C7-4D51-B867-CA408C0617B0}.Debug|x64.ActiveCfg = Debug|x64
		{9E54B6A6-B8C7-4D51-B867-CA408C0617B0}.Debug|x64.Build.0 = Debug|x64
		{9E54B6A6-B8C7-4D51-B867-CA408C0617B0}.Debug|x64.Deploy.0 = Debug|x64
		{9E54B6A6-B8C7-4D51-B867-CA408C0617B0}.Debug|x86.ActiveCfg = Debug|Win32
		{9E54B6A6-B8C7-4D51-B867-CA408C0617B0}.Debug|x86.Build.0 = Debug|Win32
		{9E54B6A6-B8C7-4D51-B867-CA408C0617B0}.Debug|x86.Deploy.0 = Debug|Win32
		{9E54B6A6-B8C7-4D51-B867-CA408C0617B0}.Release|ARM.ActiveCfg = Release|ARM
		{9E54B6A6-B8C7-4D51-B867-CA408C0617B0}.Release|ARM.Build.0 = Release|ARM
		{9E54B6A6-B8C7-4D51-B867-CA408C0617B0}.Release|ARM.Deploy.0 = Release|ARM
		{9E54B6A6-B8C7-4D51-B867-CA408C0617B0}.Release|x64.ActiveCfg = Release|x64
		{9E54B6A6-B8C7-4D51-B867-CA408C0617B0}.Release|x64.Build.0 = Release|x64
		{9E54B6A6-B8C7-4D51-B867-CA408C0617B0}.Release|x64.Deploy.0 = Release|x64
		{9E54B6A6-B8C7-4D51-B867-CA408C0617B0}.Release|x86.ActiveCfg = Release|Win32
		{9E54B6A6-B8C7-4D51-B867-CA408C0617B0}.Release|x86.Build.0 = Release|Win32
		{9E54B6A6-B8C7-4D51-B867-CA408C0617B0}.Release|x86.Deploy.0 = Release|Win32
		{A759E73F-8062-4876-A9D4-76BC952FC06C}.Debug|ARM.ActiveCfg = Debug|ARM
		{A759E73F-8062-4876-A9D4-76BC952FC06C}.Debug|ARM.Build.0 = Debug|ARM
		{A759E73F-8062-4876-A9D4-76BC952FC06C}.Debug|ARM.Deploy.0 = Debug|ARM
		{A759E73F-8062-4876-A9D4-76BC952FC06C}.Debug|x64.ActiveCfg = Debug|Win32
		{A759E73F-8062-4876-A9D4-76BC952FC06C}.Debug|x86.ActiveCfg = Debug|Win32
		{A759E73F-8062-4876-A9D4-76BC952FC06C}.Debug|x86.Build.0 = Debug|Win32
		{A759E73F-8062-4876-A9D4-76BC952FC06C}.Debug|x86.Deploy.0 = Debug|Win32
		{A759E73F-8062-4876-A9D4-76BC952FC06C}.Release|ARM.ActiveCfg = Release|ARM
		{A759E73F-8062-4876-A9D4-76BC952FC06C}.Release|ARM.Build.0 = Release|ARM
		{A759E73F-8062-4876-A9D4-76BC952FC06C}.Release|ARM.Deploy.0 = Release|ARM
		{A759E73F-8062-4876-A9D4-76BC952FC06C}.Release|x64.ActiveCfg = Release|Win32
		{A759E73F-8062-4876-A9D4-76BC952FC06C}.Release|x86.ActiveCfg = Release|Win32
		{A759E73F-8062-4876-A9D4-76BC952FC06C}.Release|x86.Build.0 = Release|Win32
		{A759E73F-8062-4876-A9D4-76BC952FC06C}.Release|x86.Deploy.0 = Release|Win32
	EndGlobalSection
	GlobalSection(SolutionProperties) = preSolution
		HideSolutionNode = FALSE
	EndGlobalSection
	GlobalSection(NestedProjects) = preSolution
		{007DA235-D4A2-4B00-A201-8E1D4A1F4B66} = {2F1DF601-3DFE-4E9C-B252-B794E41D53BC}
		{9E54B6A6-B8C7-4D51-B867-CA408C0617B0} = {2F1DF601-3DFE-4E9C-B252-B794E41D53BC}
		{A759E73F-8062-4876-A9D4-76BC952FC06C} = {2F1DF601-3DFE-4E9C-B252-B794E41D53BC}
	EndGlobalSection
EndGlobal
